schema: '2.0'
stages:
  data_ingestion:
    cmd: python src/deepClassifier/pipeline/stage_01_data_ingestion.py
    deps:
    - path: configs/config.yaml
      md5: 6c764f46c4601cc4b0c47409daf7ac36
      size: 831
    - path: src/deepClassifier/pipeline/stage_01_data_ingestion.py
      md5: f172a70cf599c77bbef01c290e2c9f6c
      size: 717
    outs:
    - path: artifacts/data_ingestion/PetImages
      md5: 3a5cf86541f22c236620ce5b952ad684.dir
      size: 848866410
      nfiles: 24998
  prepare_base_model:
    cmd: python src/deepClassifier/pipeline/stage_02_prepare_base_model.py
    deps:
    - path: configs/config.yaml
      md5: 6c764f46c4601cc4b0c47409daf7ac36
      size: 831
    - path: src/deepClassifier/pipeline/stage_02_prepare_base_model.py
      md5: ac27b7b82ac95e5846945e4af7c54502
      size: 750
    params:
      params.yaml:
        CLASSES: 2
        IMAGE_SIZE:
        - 224
        - 224
        - 3
        INCLUDE_TOP: false
        LEARNING_RATE: 0.01
        WEIGHTS: imagenet
    outs:
    - path: artifacts/prepare_base_model
      md5: 2cd39765f41fc122f1985ba660653902.dir
      size: 118053368
      nfiles: 2
  training:
    cmd: python src/deepClassifier/pipeline/st_03_training_call_back.py
    deps:
    - path: artifacts/data_ingestion/PetImages
      md5: 3a5cf86541f22c236620ce5b952ad684.dir
      size: 848866410
      nfiles: 24998
    - path: artifacts/prepare_base_model
      md5: 2cd39765f41fc122f1985ba660653902.dir
      size: 118053368
      nfiles: 2
    - path: configs/config.yaml
      md5: 6c764f46c4601cc4b0c47409daf7ac36
      size: 831
    - path: src/deepClassifier/components/prepare_call_back.py
      md5: f34cc929aae6d1517636f5eda6244613
      size: 975
    - path: src/deepClassifier/pipeline/st_03_training_call_back.py
      md5: b544965e110cbf58357a4947c0120426
      size: 1005
    params:
      params.yaml:
        AUGMENTATION: true
        BATCH_SIZE: 16
        EPOCHS: 10
        IMAGE_SIZE:
        - 224
        - 224
        - 3
    outs:
    - path: artifacts/training/model.h5
      md5: 69763489ecb31bacfa467c073c2922b1
      size: 59135136
  evaluation:
    cmd: python src/deepClassifier/pipeline/st_04_evaluation.py
    deps:
    - path: artifacts/data_ingestion/PetImages
      md5: 3a5cf86541f22c236620ce5b952ad684.dir
      size: 848866410
      nfiles: 24998
    - path: artifacts/training/model.h5
      md5: 69763489ecb31bacfa467c073c2922b1
      size: 59135136
    - path: configs/config.yaml
      md5: 6c764f46c4601cc4b0c47409daf7ac36
      size: 831
    - path: src/deepClassifier/pipeline/st_04_evaluation.py
      md5: 3ca231d94529acb47959f750cb7feae0
      size: 727
    params:
      params.yaml:
        BATCH_SIZE: 16
        IMAGE_SIZE:
        - 224
        - 224
        - 3
    outs:
    - path: scores.json
      md5: d328a773a32caa8d9fd1555a456dfa50
      size: 73
